# This file is generated by running "yarn install" inside your project.
# Manual changes might be lost - proceed with caution!

__metadata:
  version: 4
  cacheKey: 7

"bootstrap-icons@npm:^1.11.2":
  version: 1.11.2
  resolution: "bootstrap-icons@npm:1.11.2"
  checksum: cbe684cf69b505bd7703ad1a20efabf0c7b8cfe9b0fdcf40d45c5876e6dd95badcc4ba3c9ca2f8db428ef1215f2acc4accf4e0a074a3dd797bcfbee8ffad09a3
  languageName: node
  linkType: hard

"bootstrap@npm:^5.3.2":
  version: 5.3.2
  resolution: "bootstrap@npm:5.3.2"
  peerDependencies:
    "@popperjs/core": ^2.11.8
  checksum: f01ee2a6cde4a1dab9e52080d0ca811c727c6804272e99eabc993436dd15e47f571002104d2ae9f0458b9ee3b1c72eff03037729ebdbd05bd05ac94ab21555de
  languageName: node
  linkType: hard

"root-workspace-0b6124@workspace:.":
  version: 0.0.0-use.local
  resolution: "root-workspace-0b6124@workspace:."
  dependencies:
    bootstrap: ^5.3.2
    bootstrap-icons: ^1.11.2
  languageName: unknown
  linkType: soft
